
Microsoft Visual Studio Solution File, Format Version 12.00
# Visual Studio Version 17
VisualStudioVersion = 17.10.35122.118
MinimumVisualStudioVersion = 10.0.40219.1
Project("{FAE04EC0-301F-11D3-BF4B-00C04F79EFBC}") = "test", "ConsoleApp1\test.csproj", "{F67EA1F9-18ED-4330-A86A-D1CB3A42577F}"
EndProject
Global
	GlobalSection(SolutionConfigurationPlatforms) = preSolution
		Debug|Any CPU = Debug|Any CPU
		Release|Any CPU = Release|Any CPU
	EndGlobalSection
	GlobalSection(ProjectConfigurationPlatforms) = postSolution
		{F67EA1F9-18ED-4330-A86A-D1CB3A42577F}.Debug|Any CPU.ActiveCfg = Debug|Any CPU
		{F67EA1F9-18ED-4330-A86A-D1CB3A42577F}.Debug|Any CPU.Build.0 = Debug|Any CPU
		{F67EA1F9-18ED-4330-A86A-D1CB3A42577F}.Release|Any CPU.ActiveCfg = Release|Any CPU
		{F67EA1F9-18ED-4330-A86A-D1CB3A42577F}.Release|Any CPU.Build.0 = Release|Any CPU
	EndGlobalSection
	GlobalSection(SolutionProperties) = preSolution
		HideSolutionNode = FALSE
	EndGlobalSection
	GlobalSection(ExtensibilityGlobals) = postSolution
		SolutionGuid = {40D5DFA3-D10C-4843-9461-7880D617533D}
	EndGlobalSection
EndGlobal
